
Microsoft Visual Studio Solution File, Format Version 12.00
# Visual Studio Version 17
VisualStudioVersion = 17.1.31911.260
MinimumVisualStudioVersion = 10.0.40219.1
Project("{2150E333-8FDC-42A3-9474-1A3956D46DE8}") = "src", "src", "{FEBBC995-DA38-4131-9F73-E380B75D6A2B}"
EndProject
Project("{2150E333-8FDC-42A3-9474-1A3956D46DE8}") = "test", "test", "{A7E4F152-7179-43EC-BE61-C63660B6F87D}"
EndProject
Project("{2150E333-8FDC-42A3-9474-1A3956D46DE8}") = "Web App", "Web App", "{BDA0ED0E-FD37-4EB4-BCC2-F68502108478}"
EndProject
Project("{2150E333-8FDC-42A3-9474-1A3956D46DE8}") = "Services", "Services", "{BC03EFE3-0161-49AE-B596-D056FC4CCCA3}"
EndProject
Project("{2150E333-8FDC-42A3-9474-1A3956D46DE8}") = "ApiGateway", "ApiGateway", "{25CDB26F-94B7-49BA-A864-46B45010273E}"
EndProject
Project("{9A19103F-16F7-4668-BE54-9A1E7A4F7556}") = "Web.PublicAPI.HttpAggregator", "src\ApiGateway\Web.PublicAPI.HttpAggregator\Web.PublicAPI.HttpAggregator.csproj", "{FD4C053D-110F-4F65-8FC2-40D46579C06B}"
EndProject
Project("{2150E333-8FDC-42A3-9474-1A3956D46DE8}") = "Identity", "Identity", "{4F83FB67-83EF-4612-AA8A-0F1696AA0553}"
EndProject
Project("{2150E333-8FDC-42A3-9474-1A3956D46DE8}") = "Document", "Document", "{63348E81-5E7D-4E87-B77C-DADE42DB57BB}"
EndProject
Project("{2150E333-8FDC-42A3-9474-1A3956D46DE8}") = "Task", "Task", "{4092B7CC-DBFE-4EA3-8D20-A4B39F7B2A1D}"
EndProject
Project("{2150E333-8FDC-42A3-9474-1A3956D46DE8}") = "Assignment", "Assignment", "{DA275A9B-B6E3-447D-9813-331887A4A8B6}"
EndProject
Project("{FAE04EC0-301F-11D3-BF4B-00C04F79EFBC}") = "Web.UI.MVC", "src\Web\Web.UI.MVC\Web.UI.MVC.csproj", "{947D7CDD-5E4E-4556-AD58-CAF96D4B9E8E}"
EndProject
Project("{FAE04EC0-301F-11D3-BF4B-00C04F79EFBC}") = "Web.UI.Blazor", "src\Web\Web.UI.Blazor\Web.UI.Blazor.csproj", "{9DB38D16-9857-4B4E-A12C-A16C41B21DDA}"
EndProject
Project("{FAE04EC0-301F-11D3-BF4B-00C04F79EFBC}") = "Document.API", "src\Services\Document.API\Document.API.csproj", "{6B1331B9-8027-4969-B236-E5DF3D18CA55}"
EndProject
Global
	GlobalSection(SolutionConfigurationPlatforms) = preSolution
		Debug|Any CPU = Debug|Any CPU
		Release|Any CPU = Release|Any CPU
	EndGlobalSection
	GlobalSection(ProjectConfigurationPlatforms) = postSolution
		{FD4C053D-110F-4F65-8FC2-40D46579C06B}.Debug|Any CPU.ActiveCfg = Debug|Any CPU
		{FD4C053D-110F-4F65-8FC2-40D46579C06B}.Debug|Any CPU.Build.0 = Debug|Any CPU
		{FD4C053D-110F-4F65-8FC2-40D46579C06B}.Release|Any CPU.ActiveCfg = Release|Any CPU
		{FD4C053D-110F-4F65-8FC2-40D46579C06B}.Release|Any CPU.Build.0 = Release|Any CPU
		{947D7CDD-5E4E-4556-AD58-CAF96D4B9E8E}.Debug|Any CPU.ActiveCfg = Debug|Any CPU
		{947D7CDD-5E4E-4556-AD58-CAF96D4B9E8E}.Debug|Any CPU.Build.0 = Debug|Any CPU
		{947D7CDD-5E4E-4556-AD58-CAF96D4B9E8E}.Release|Any CPU.ActiveCfg = Release|Any CPU
		{947D7CDD-5E4E-4556-AD58-CAF96D4B9E8E}.Release|Any CPU.Build.0 = Release|Any CPU
		{9DB38D16-9857-4B4E-A12C-A16C41B21DDA}.Debug|Any CPU.ActiveCfg = Debug|Any CPU
		{9DB38D16-9857-4B4E-A12C-A16C41B21DDA}.Debug|Any CPU.Build.0 = Debug|Any CPU
		{9DB38D16-9857-4B4E-A12C-A16C41B21DDA}.Release|Any CPU.ActiveCfg = Release|Any CPU
		{9DB38D16-9857-4B4E-A12C-A16C41B21DDA}.Release|Any CPU.Build.0 = Release|Any CPU
		{6B1331B9-8027-4969-B236-E5DF3D18CA55}.Debug|Any CPU.ActiveCfg = Debug|Any CPU
		{6B1331B9-8027-4969-B236-E5DF3D18CA55}.Debug|Any CPU.Build.0 = Debug|Any CPU
		{6B1331B9-8027-4969-B236-E5DF3D18CA55}.Release|Any CPU.ActiveCfg = Release|Any CPU
		{6B1331B9-8027-4969-B236-E5DF3D18CA55}.Release|Any CPU.Build.0 = Release|Any CPU
	EndGlobalSection
	GlobalSection(SolutionProperties) = preSolution
		HideSolutionNode = FALSE
	EndGlobalSection
	GlobalSection(NestedProjects) = preSolution
		{BDA0ED0E-FD37-4EB4-BCC2-F68502108478} = {FEBBC995-DA38-4131-9F73-E380B75D6A2B}
		{BC03EFE3-0161-49AE-B596-D056FC4CCCA3} = {FEBBC995-DA38-4131-9F73-E380B75D6A2B}
		{25CDB26F-94B7-49BA-A864-46B45010273E} = {FEBBC995-DA38-4131-9F73-E380B75D6A2B}
		{FD4C053D-110F-4F65-8FC2-40D46579C06B} = {25CDB26F-94B7-49BA-A864-46B45010273E}
		{4F83FB67-83EF-4612-AA8A-0F1696AA0553} = {BC03EFE3-0161-49AE-B596-D056FC4CCCA3}
		{63348E81-5E7D-4E87-B77C-DADE42DB57BB} = {BC03EFE3-0161-49AE-B596-D056FC4CCCA3}
		{4092B7CC-DBFE-4EA3-8D20-A4B39F7B2A1D} = {BC03EFE3-0161-49AE-B596-D056FC4CCCA3}
		{DA275A9B-B6E3-447D-9813-331887A4A8B6} = {BC03EFE3-0161-49AE-B596-D056FC4CCCA3}
		{947D7CDD-5E4E-4556-AD58-CAF96D4B9E8E} = {BDA0ED0E-FD37-4EB4-BCC2-F68502108478}
		{9DB38D16-9857-4B4E-A12C-A16C41B21DDA} = {BDA0ED0E-FD37-4EB4-BCC2-F68502108478}
		{6B1331B9-8027-4969-B236-E5DF3D18CA55} = {63348E81-5E7D-4E87-B77C-DADE42DB57BB}
	EndGlobalSection
	GlobalSection(ExtensibilityGlobals) = postSolution
		SolutionGuid = {30D095FB-A13F-4C93-9753-E127373EDDDD}
	EndGlobalSection
EndGlobal
